
Microsoft Visual Studio Solution File, Format Version 12.00
# Visual Studio 15
VisualStudioVersion = 15.0.27428.1
MinimumVisualStudioVersion = 10.0.40219.1
Project("{FAE04EC0-301F-11D3-BF4B-00C04F79EFBC}") = "Plot", "Plot\Plot.csproj", "{DDD383F8-6B9F-43ED-91F8-898BEF6EC0A6}"
EndProject
Global
	GlobalSection(SolutionConfigurationPlatforms) = preSolution
		Debug|Any CPU = Debug|Any CPU
		Release|Any CPU = Release|Any CPU
	EndGlobalSection
	GlobalSection(ProjectConfigurationPlatforms) = postSolution
		{DDD383F8-6B9F-43ED-91F8-898BEF6EC0A6}.Debug|Any CPU.ActiveCfg = Debug|Any CPU
		{DDD383F8-6B9F-43ED-91F8-898BEF6EC0A6}.Debug|Any CPU.Build.0 = Debug|Any CPU
		{DDD383F8-6B9F-43ED-91F8-898BEF6EC0A6}.Release|Any CPU.ActiveCfg = Release|Any CPU
		{DDD383F8-6B9F-43ED-91F8-898BEF6EC0A6}.Release|Any CPU.Build.0 = Release|Any CPU
	EndGlobalSection
	GlobalSection(SolutionProperties) = preSolution
		HideSolutionNode = FALSE
	EndGlobalSection
	GlobalSection(ExtensibilityGlobals) = postSolution
		SolutionGuid = {B0A6B679-939E-41A8-8FC4-A0B53A576664}
	EndGlobalSection
EndGlobal
